<?xml version="1.0" encoding="utf-8"?>
<Project ToolsVersion="4.0" xmlns="http://schemas.microsoft.com/developer/msbuild/2003">
  <ItemGroup>
    <Filter Include="Source Files">
      <UniqueIdentifier>{4FC737F1-C7A5-4376-A066-2A32D752A2FF}</UniqueIdentifier>
      <Extensions>cpp;c;cc;cxx;c++;cppm;ixx;def;odl;idl;hpj;bat;asm;asmx</Extensions>
    </Filter>
    <Filter Include="Header Files">
      <UniqueIdentifier>{93995380-89BD-4b04-88EB-625FBE52EBFB}</UniqueIdentifier>
      <Extensions>h;hh;hpp;hxx;h++;hm;inl;inc;ipp;xsd</Extensions>
    </Filter>
    <Filter Include="Resource Files">
      <UniqueIdentifier>{67DA6AB6-F800-4c08-8B7A-83BB121AAD01}</UniqueIdentifier>
      <Extensions>rc;ico;cur;bmp;dlg;rc2;rct;bin;rgs;gif;jpg;jpeg;jpe;resx;tiff;tif;png;wav;mfcribbon-ms</Extensions>
    </Filter>
    <Filter Include="boot">
      <UniqueIdentifier>{74302343-4bda-4a2c-be4f-d5e34782ac03}</UniqueIdentifier>
    </Filter>
    <Filter Include="grub">
      <UniqueIdentifier>{ea9dddf1-3607-480f-b525-dd09e77b9a12}</UniqueIdentifier>
    </Filter>
    <Filter Include="kernel">
      <UniqueIdentifier>{f8fb36b4-7ab0-4fa5-996a-9b4111f6de12}</UniqueIdentifier>
    </Filter>
  </ItemGroup>
  <ItemGroup>
    <None Include="..\boot\boot.s">
      <Filter>boot</Filter>
    </None>
    <None Include="..\boot\gdt64.s">
      <Filter>boot</Filter>
    </None>
    <None Include="..\boot\longmode.s">
      <Filter>boot</Filter>
    </None>
    <None Include="..\grub\grub.cfg">
      <Filter>grub</Filter>
    </None>
    <None Include="linker.ld" />
    <None Include="Makefile" />
    <None Include="README-BootShim.md" />
  </ItemGroup>
  <ItemGroup>
    <ClCompile Include="..\kernel\idt.c">
      <Filter>kernel</Filter>
    </ClCompile>
    <ClCompile Include="..\kernel\keyboard.c">
      <Filter>kernel</Filter>
    </ClCompile>
    <ClCompile Include="..\kernel\kmain.c">
      <Filter>kernel</Filter>
    </ClCompile>
    <ClCompile Include="..\kernel\managed_stub.c">
      <Filter>kernel</Filter>
    </ClCompile>
    <ClCompile Include="..\kernel\vga.c">
      <Filter>kernel</Filter>
    </ClCompile>
  </ItemGroup>
  <ItemGroup>
    <ClInclude Include="..\kernel\idt.h">
      <Filter>kernel</Filter>
    </ClInclude>
    <ClInclude Include="..\kernel\vga.h">
      <Filter>kernel</Filter>
    </ClInclude>
  </ItemGroup>
</Project>